
Microsoft Visual Studio Solution File, Format Version 12.00
# Visual Studio 15
VisualStudioVersion = 15.0.26730.10
MinimumVisualStudioVersion = 15.0.26124.0
Project("{2150E333-8FDC-42A3-9474-1A3956D46DE8}") = "src", "src", "{FA63CA51-BE1B-4592-91C7-4F90C826B553}"
EndProject
Project("{9A19103F-16F7-4668-BE54-9A1E7A4F7556}") = "deck", "src\deck\deck.csproj", "{24364164-5476-481A-8328-9AB7FCF4A5A8}"
EndProject
Project("{9A19103F-16F7-4668-BE54-9A1E7A4F7556}") = "Deck.Rendering.Markdown", "src\Deck.Rendering.Markdown\Deck.Rendering.Markdown.csproj", "{041B07EB-2E6B-4B03-AE3E-E8D347D6602F}"
EndProject
Project("{2150E333-8FDC-42A3-9474-1A3956D46DE8}") = "test", "test", "{7CCE4E64-8A30-4522-AC9C-8057C0EC4D89}"
EndProject
Project("{9A19103F-16F7-4668-BE54-9A1E7A4F7556}") = "Deck.Rendering.Markdown.Tests", "test\Deck.Rendering.Markdown.Tests\Deck.Rendering.Markdown.Tests.csproj", "{D9B23F07-2FD4-414B-AB53-0D2B3F1F8F30}"
EndProject
Global
	GlobalSection(SolutionConfigurationPlatforms) = preSolution
		Debug|Any CPU = Debug|Any CPU
		Debug|x64 = Debug|x64
		Debug|x86 = Debug|x86
		Release|Any CPU = Release|Any CPU
		Release|x64 = Release|x64
		Release|x86 = Release|x86
	EndGlobalSection
	GlobalSection(ProjectConfigurationPlatforms) = postSolution
		{24364164-5476-481A-8328-9AB7FCF4A5A8}.Debug|Any CPU.ActiveCfg = Debug|Any CPU
		{24364164-5476-481A-8328-9AB7FCF4A5A8}.Debug|Any CPU.Build.0 = Debug|Any CPU
		{24364164-5476-481A-8328-9AB7FCF4A5A8}.Debug|x64.ActiveCfg = Debug|Any CPU
		{24364164-5476-481A-8328-9AB7FCF4A5A8}.Debug|x64.Build.0 = Debug|Any CPU
		{24364164-5476-481A-8328-9AB7FCF4A5A8}.Debug|x86.ActiveCfg = Debug|Any CPU
		{24364164-5476-481A-8328-9AB7FCF4A5A8}.Debug|x86.Build.0 = Debug|Any CPU
		{24364164-5476-481A-8328-9AB7FCF4A5A8}.Release|Any CPU.ActiveCfg = Release|Any CPU
		{24364164-5476-481A-8328-9AB7FCF4A5A8}.Release|Any CPU.Build.0 = Release|Any CPU
		{24364164-5476-481A-8328-9AB7FCF4A5A8}.Release|x64.ActiveCfg = Release|Any CPU
		{24364164-5476-481A-8328-9AB7FCF4A5A8}.Release|x64.Build.0 = Release|Any CPU
		{24364164-5476-481A-8328-9AB7FCF4A5A8}.Release|x86.ActiveCfg = Release|Any CPU
		{24364164-5476-481A-8328-9AB7FCF4A5A8}.Release|x86.Build.0 = Release|Any CPU
		{041B07EB-2E6B-4B03-AE3E-E8D347D6602F}.Debug|Any CPU.ActiveCfg = Debug|Any CPU
		{041B07EB-2E6B-4B03-AE3E-E8D347D6602F}.Debug|Any CPU.Build.0 = Debug|Any CPU
		{041B07EB-2E6B-4B03-AE3E-E8D347D6602F}.Debug|x64.ActiveCfg = Debug|Any CPU
		{041B07EB-2E6B-4B03-AE3E-E8D347D6602F}.Debug|x64.Build.0 = Debug|Any CPU
		{041B07EB-2E6B-4B03-AE3E-E8D347D6602F}.Debug|x86.ActiveCfg = Debug|Any CPU
		{041B07EB-2E6B-4B03-AE3E-E8D347D6602F}.Debug|x86.Build.0 = Debug|Any CPU
		{041B07EB-2E6B-4B03-AE3E-E8D347D6602F}.Release|Any CPU.ActiveCfg = Release|Any CPU
		{041B07EB-2E6B-4B03-AE3E-E8D347D6602F}.Release|Any CPU.Build.0 = Release|Any CPU
		{041B07EB-2E6B-4B03-AE3E-E8D347D6602F}.Release|x64.ActiveCfg = Release|Any CPU
		{041B07EB-2E6B-4B03-AE3E-E8D347D6602F}.Release|x64.Build.0 = Release|Any CPU
		{041B07EB-2E6B-4B03-AE3E-E8D347D6602F}.Release|x86.ActiveCfg = Release|Any CPU
		{041B07EB-2E6B-4B03-AE3E-E8D347D6602F}.Release|x86.Build.0 = Release|Any CPU
		{D9B23F07-2FD4-414B-AB53-0D2B3F1F8F30}.Debug|Any CPU.ActiveCfg = Debug|Any CPU
		{D9B23F07-2FD4-414B-AB53-0D2B3F1F8F30}.Debug|Any CPU.Build.0 = Debug|Any CPU
		{D9B23F07-2FD4-414B-AB53-0D2B3F1F8F30}.Debug|x64.ActiveCfg = Debug|Any CPU
		{D9B23F07-2FD4-414B-AB53-0D2B3F1F8F30}.Debug|x64.Build.0 = Debug|Any CPU
		{D9B23F07-2FD4-414B-AB53-0D2B3F1F8F30}.Debug|x86.ActiveCfg = Debug|Any CPU
		{D9B23F07-2FD4-414B-AB53-0D2B3F1F8F30}.Debug|x86.Build.0 = Debug|Any CPU
		{D9B23F07-2FD4-414B-AB53-0D2B3F1F8F30}.Release|Any CPU.ActiveCfg = Release|Any CPU
		{D9B23F07-2FD4-414B-AB53-0D2B3F1F8F30}.Release|Any CPU.Build.0 = Release|Any CPU
		{D9B23F07-2FD4-414B-AB53-0D2B3F1F8F30}.Release|x64.ActiveCfg = Release|Any CPU
		{D9B23F07-2FD4-414B-AB53-0D2B3F1F8F30}.Release|x64.Build.0 = Release|Any CPU
		{D9B23F07-2FD4-414B-AB53-0D2B3F1F8F30}.Release|x86.ActiveCfg = Release|Any CPU
		{D9B23F07-2FD4-414B-AB53-0D2B3F1F8F30}.Release|x86.Build.0 = Release|Any CPU
	EndGlobalSection
	GlobalSection(SolutionProperties) = preSolution
		HideSolutionNode = FALSE
	EndGlobalSection
	GlobalSection(NestedProjects) = preSolution
		{24364164-5476-481A-8328-9AB7FCF4A5A8} = {FA63CA51-BE1B-4592-91C7-4F90C826B553}
		{041B07EB-2E6B-4B03-AE3E-E8D347D6602F} = {FA63CA51-BE1B-4592-91C7-4F90C826B553}
		{D9B23F07-2FD4-414B-AB53-0D2B3F1F8F30} = {7CCE4E64-8A30-4522-AC9C-8057C0EC4D89}
	EndGlobalSection
	GlobalSection(ExtensibilityGlobals) = postSolution
		SolutionGuid = {E66458D3-902F-4BCE-938A-E1FE57EDA0AD}
	EndGlobalSection
EndGlobal
