Microsoft Visual Studio Solution File, Format Version 12.00
# Visual Studio 15
VisualStudioVersion = 15.0.26711.1
MinimumVisualStudioVersion = 15.0.26124.0
Project("{2150E333-8FDC-42A3-9474-1A3956D46DE8}") = "src", "src", "{FA63CA51-BE1B-4592-91C7-4F90C826B553}"
EndProject
Project("{9A19103F-16F7-4668-BE54-9A1E7A4F7556}") = "shtik", "src\shtik\shtik.csproj", "{24364164-5476-481A-8328-9AB7FCF4A5A8}"
EndProject
Global
	GlobalSection(SolutionConfigurationPlatforms) = preSolution
		Debug|Any CPU = Debug|Any CPU
		Debug|x64 = Debug|x64
		Debug|x86 = Debug|x86
		Release|Any CPU = Release|Any CPU
		Release|x64 = Release|x64
		Release|x86 = Release|x86
	EndGlobalSection
	GlobalSection(ProjectConfigurationPlatforms) = postSolution
		{24364164-5476-481A-8328-9AB7FCF4A5A8}.Debug|Any CPU.ActiveCfg = Debug|Any CPU
		{24364164-5476-481A-8328-9AB7FCF4A5A8}.Debug|Any CPU.Build.0 = Debug|Any CPU
		{24364164-5476-481A-8328-9AB7FCF4A5A8}.Debug|x64.ActiveCfg = Debug|Any CPU
		{24364164-5476-481A-8328-9AB7FCF4A5A8}.Debug|x64.Build.0 = Debug|Any CPU
		{24364164-5476-481A-8328-9AB7FCF4A5A8}.Debug|x86.ActiveCfg = Debug|Any CPU
		{24364164-5476-481A-8328-9AB7FCF4A5A8}.Debug|x86.Build.0 = Debug|Any CPU
		{24364164-5476-481A-8328-9AB7FCF4A5A8}.Release|Any CPU.ActiveCfg = Release|Any CPU
		{24364164-5476-481A-8328-9AB7FCF4A5A8}.Release|Any CPU.Build.0 = Release|Any CPU
		{24364164-5476-481A-8328-9AB7FCF4A5A8}.Release|x64.ActiveCfg = Release|Any CPU
		{24364164-5476-481A-8328-9AB7FCF4A5A8}.Release|x64.Build.0 = Release|Any CPU
		{24364164-5476-481A-8328-9AB7FCF4A5A8}.Release|x86.ActiveCfg = Release|Any CPU
		{24364164-5476-481A-8328-9AB7FCF4A5A8}.Release|x86.Build.0 = Release|Any CPU
	EndGlobalSection
	GlobalSection(SolutionProperties) = preSolution
		HideSolutionNode = FALSE
	EndGlobalSection
	GlobalSection(NestedProjects) = preSolution
		{24364164-5476-481A-8328-9AB7FCF4A5A8} = {FA63CA51-BE1B-4592-91C7-4F90C826B553}
	EndGlobalSection
	GlobalSection(ExtensibilityGlobals) = postSolution
		SolutionGuid = {E66458D3-902F-4BCE-938A-E1FE57EDA0AD}
	EndGlobalSection
EndGlobal
